// !$*UTF8*$!
{
	archiveVersion = 1;
	classes = {
	};
	objectVersion = 46;
	objects = {

/* Begin PBXBuildFile section */
		63AD0F4B1EB8239B00DEEBC4 /* CurrencyData.swift in Sources */ = {isa = PBXBuildFile; fileRef = 63AD0F4A1EB8239B00DEEBC4 /* CurrencyData.swift */; };
		63B66D1B1EA5B9A10095B6E3 /* FavoritesViewController.swift in Sources */ = {isa = PBXBuildFile; fileRef = 63B66D1A1EA5B9A10095B6E3 /* FavoritesViewController.swift */; };
		63F046AE1E933E2900D15199 /* AppDelegate.swift in Sources */ = {isa = PBXBuildFile; fileRef = 63F046AD1E933E2900D15199 /* AppDelegate.swift */; };
		63F046B01E933E2900D15199 /* ExchangeChoiceViewController.swift in Sources */ = {isa = PBXBuildFile; fileRef = 63F046AF1E933E2900D15199 /* ExchangeChoiceViewController.swift */; };
		63F046B31E933E2900D15199 /* Main.storyboard in Resources */ = {isa = PBXBuildFile; fileRef = 63F046B11E933E2900D15199 /* Main.storyboard */; };
		63F046B51E933E2900D15199 /* Assets.xcassets in Resources */ = {isa = PBXBuildFile; fileRef = 63F046B41E933E2900D15199 /* Assets.xcassets */; };
		63F046B81E933E2900D15199 /* LaunchScreen.storyboard in Resources */ = {isa = PBXBuildFile; fileRef = 63F046B61E933E2900D15199 /* LaunchScreen.storyboard */; };
/* End PBXBuildFile section */

/* Begin PBXFileReference section */
		63AD0F4A1EB8239B00DEEBC4 /* CurrencyData.swift */ = {isa = PBXFileReference; fileEncoding = 4; lastKnownFileType = sourcecode.swift; path = CurrencyData.swift; sourceTree = "<group>"; };
		63B66D1A1EA5B9A10095B6E3 /* FavoritesViewController.swift */ = {isa = PBXFileReference; fileEncoding = 4; lastKnownFileType = sourcecode.swift; path = FavoritesViewController.swift; sourceTree = "<group>"; };
		63F046AA1E933E2900D15199 /* ChoiceExchange.app */ = {isa = PBXFileReference; explicitFileType = wrapper.application; includeInIndex = 0; path = ChoiceExchange.app; sourceTree = BUILT_PRODUCTS_DIR; };
		63F046AD1E933E2900D15199 /* AppDelegate.swift */ = {isa = PBXFileReference; lastKnownFileType = sourcecode.swift; path = AppDelegate.swift; sourceTree = "<group>"; };
		63F046AF1E933E2900D15199 /* ExchangeChoiceViewController.swift */ = {isa = PBXFileReference; lastKnownFileType = sourcecode.swift; path = ExchangeChoiceViewController.swift; sourceTree = "<group>"; };
		63F046B21E933E2900D15199 /* Base */ = {isa = PBXFileReference; lastKnownFileType = file.storyboard; name = Base; path = Base.lproj/Main.storyboard; sourceTree = "<group>"; };
		63F046B41E933E2900D15199 /* Assets.xcassets */ = {isa = PBXFileReference; lastKnownFileType = folder.assetcatalog; path = Assets.xcassets; sourceTree = "<group>"; };
		63F046B71E933E2900D15199 /* Base */ = {isa = PBXFileReference; lastKnownFileType = file.storyboard; name = Base; path = Base.lproj/LaunchScreen.storyboard; sourceTree = "<group>"; };
		63F046B91E933E2900D15199 /* Info.plist */ = {isa = PBXFileReference; lastKnownFileType = text.plist.xml; path = Info.plist; sourceTree = "<group>"; };
/* End PBXFileReference section */

/* Begin PBXFrameworksBuildPhase section */
		63F046A71E933E2900D15199 /* Frameworks */ = {
			isa = PBXFrameworksBuildPhase;
			buildActionMask = 2147483647;
			files = (
			);
			runOnlyForDeploymentPostprocessing = 0;
		};
/* End PBXFrameworksBuildPhase section */

/* Begin PBXGroup section */
		63F046A11E933E2900D15199 = {
			isa = PBXGroup;
			children = (
				63F046AC1E933E2900D15199 /* ChoiceExchange */,
				63F046AB1E933E2900D15199 /* Products */,
			);
			sourceTree = "<group>";
		};
		63F046AB1E933E2900D15199 /* Products */ = {
			isa = PBXGroup;
			children = (
				63F046AA1E933E2900D15199 /* ChoiceExchange.app */,
			);
			name = Products;
			sourceTree = "<group>";
		};
		63F046AC1E933E2900D15199 /* ChoiceExchange */ = {
			isa = PBXGroup;
			children = (
				63F046AD1E933E2900D15199 /* AppDelegate.swift */,
				63F046AF1E933E2900D15199 /* ExchangeChoiceViewController.swift */,
				63F046B11E933E2900D15199 /* Main.storyboard */,
				63AD0F4A1EB8239B00DEEBC4 /* CurrencyData.swift */,
				63B66D1A1EA5B9A10095B6E3 /* FavoritesViewController.swift */,
				63F046B41E933E2900D15199 /* Assets.xcassets */,
				63F046B61E933E2900D15199 /* LaunchScreen.storyboard */,
				63F046B91E933E2900D15199 /* Info.plist */,
			);
			path = ChoiceExchange;
			sourceTree = "<group>";
		};
/* End PBXGroup section */

/* Begin PBXNativeTarget section */
		63F046A91E933E2900D15199 /* ChoiceExchange */ = {
			isa = PBXNativeTarget;
			buildConfigurationList = 63F046BC1E933E2900D15199 /* Build configuration list for PBXNativeTarget "ChoiceExchange" */;
			buildPhases = (
				63F046A61E933E2900D15199 /* Sources */,
				63F046A71E933E2900D15199 /* Frameworks */,
				63F046A81E933E2900D15199 /* Resources */,
			);
			buildRules = (
			);
			dependencies = (
			);
			name = ChoiceExchange;
			productName = ChoiceExchange;
			productReference = 63F046AA1E933E2900D15199 /* ChoiceExchange.app */;
			productType = "com.apple.product-type.application";
		};
/* End PBXNativeTarget section */

/* Begin PBXProject section */
		63F046A21E933E2900D15199 /* Project object */ = {
			isa = PBXProject;
			attributes = {
				LastSwiftUpdateCheck = 0820;
				LastUpgradeCheck = 0820;
				ORGANIZATIONNAME = "Alexander Edgar";
				TargetAttributes = {
					63F046A91E933E2900D15199 = {
						CreatedOnToolsVersion = 8.2.1;
						ProvisioningStyle = Automatic;
					};
				};
			};
			buildConfigurationList = 63F046A51E933E2900D15199 /* Build configuration list for PBXProject "ChoiceExchange" */;
			compatibilityVersion = "Xcode 3.2";
			developmentRegion = English;
			hasScannedForEncodings = 0;
			knownRegions = (
				en,
				Base,
			);
			mainGroup = 63F046A11E933E2900D15199;
			productRefGroup = 63F046AB1E933E2900D15199 /* Products */;
			projectDirPath = "";
			projectRoot = "";
			targets = (
				63F046A91E933E2900D15199 /* ChoiceExchange */,
			);
		};
/* End PBXProject section */

/* Begin PBXResourcesBuildPhase section */
		63F046A81E933E2900D15199 /* Resources */ = {
			isa = PBXResourcesBuildPhase;
			buildActionMask = 2147483647;
			files = (
				63F046B81E933E2900D15199 /* LaunchScreen.storyboard in Resources */,
				63F046B51E933E2900D15199 /* Assets.xcassets in Resources */,
				63F046B31E933E2900D15199 /* Main.storyboard in Resources */,
			);
			runOnlyForDeploymentPostprocessing = 0;
		};
/* End PBXResourcesBuildPhase section */

/* Begin PBXSourcesBuildPhase section */
		63F046A61E933E2900D15199 /* Sources */ = {
			isa = PBXSourcesBuildPhase;
			buildActionMask = 2147483647;
			files = (
				63F046B01E933E2900D15199 /* ExchangeChoiceViewController.swift in Sources */,
				63B66D1B1EA5B9A10095B6E3 /* FavoritesViewController.swift in Sources */,
				63AD0F4B1EB8239B00DEEBC4 /* CurrencyData.swift in Sources */,
				63F046AE1E933E2900D15199 /* AppDelegate.swift in Sources */,
			);
			runOnlyForDeploymentPostprocessing = 0;
		};
/* End PBXSourcesBuildPhase section */

/* Begin PBXVariantGroup section */
		63F046B11E933E2900D15199 /* Main.storyboard */ = {
			isa = PBXVariantGroup;
			children = (
				63F046B21E933E2900D15199 /* Base */,
			);
			name = Main.storyboard;
			sourceTree = "<group>";
		};
		63F046B61E933E2900D15199 /* LaunchScreen.storyboard */ = {
			isa = PBXVariantGroup;
			children = (
				63F046B71E933E2900D15199 /* Base */,
			);
			name = LaunchScreen.storyboard;
			sourceTree = "<group>";
		};
/* End PBXVariantGroup section */

/* Begin XCBuildConfiguration section */
		63F046BA1E933E2900D15199 /* Debug */ = {
			isa = XCBuildConfiguration;
			buildSettings = {
				ALWAYS_SEARCH_USER_PATHS = NO;
				CLANG_ANALYZER_NONNULL = YES;
				CLANG_CXX_LANGUAGE_STANDARD = "gnu++0x";
				CLANG_CXX_LIBRARY = "libc++";
				CLANG_ENABLE_MODULES = YES;
				CLANG_ENABLE_OBJC_ARC = YES;
				CLANG_WARN_BOOL_CONVERSION = YES;
				CLANG_WARN_CONSTANT_CONVERSION = YES;
				CLANG_WARN_DIRECT_OBJC_ISA_USAGE = YES_ERROR;
				CLANG_WARN_DOCUMENTATION_COMMENTS = YES;
				CLANG_WARN_EMPTY_BODY = YES;
				CLANG_WARN_ENUM_CONVERSION = YES;
				CLANG_WARN_INFINITE_RECURSION = YES;
				CLANG_WARN_INT_CONVERSION = YES;
				CLANG_WARN_OBJC_ROOT_CLASS = YES_ERROR;
				CLANG_WARN_SUSPICIOUS_MOVE = YES;
				CLANG_WARN_UNREACHABLE_CODE = YES;
				CLANG_WARN__DUPLICATE_METHOD_MATCH = YES;
				"CODE_SIGN_IDENTITY[sdk=iphoneos*]" = "iPhone Developer";
				COPY_PHASE_STRIP = NO;
				DEBUG_INFORMATION_FORMAT = dwarf;
				ENABLE_STRICT_OBJC_MSGSEND = YES;
				ENABLE_TESTABILITY = YES;
				GCC_C_LANGUAGE_STANDARD = gnu99;
				GCC_DYNAMIC_NO_PIC = NO;
				GCC_NO_COMMON_BLOCKS = YES;
				GCC_OPTIMIZATION_LEVEL = 0;
				GCC_PREPROCESSOR_DEFINITIONS = (
					"DEBUG=1",
					"$(inherited)",
				);
				GCC_WARN_64_TO_32_BIT_CONVERSION = YES;
				GCC_WARN_ABOUT_RETURN_TYPE = YES_ERROR;
				GCC_WARN_UNDECLARED_SELECTOR = YES;
				GCC_WARN_UNINITIALIZED_AUTOS = YES_AGGRESSIVE;
				GCC_WARN_UNUSED_FUNCTION = YES;
				GCC_WARN_UNUSED_VARIABLE = YES;
				IPHONEOS_DEPLOYMENT_TARGET = 10.2;
				MTL_ENABLE_DEBUG_INFO = YES;
				ONLY_ACTIVE_ARCH = YES;
				SDKROOT = iphoneos;
				SWIFT_ACTIVE_COMPILATION_CONDITIONS = DEBUG;
				SWIFT_OPTIMIZATION_LEVEL = "-Onone";
				TARGETED_DEVICE_FAMILY = "1,2";
			};
			name = Debug;
		};
		63F046BB1E933E2900D15199 /* Release */ = {
			isa = XCBuildConfiguration;
			buildSettings = {
				ALWAYS_SEARCH_USER_PATHS = NO;
				CLANG_ANALYZER_NONNULL = YES;
				CLANG_CXX_LANGUAGE_STANDARD = "gnu++0x";
				CLANG_CXX_LIBRARY = "libc++";
				CLANG_ENABLE_MODULES = YES;
				CLANG_ENABLE_OBJC_ARC = YES;
				CLANG_WARN_BOOL_CONVERSION = YES;
				CLANG_WARN_CONSTANT_CONVERSION = YES;
				CLANG_WARN_DIRECT_OBJC_ISA_USAGE = YES_ERROR;
				CLANG_WARN_DOCUMENTATION_COMMENTS = YES;
				CLANG_WARN_EMPTY_BODY = YES;
				CLANG_WARN_ENUM_CONVERSION = YES;
				CLANG_WARN_INFINITE_RECURSION = YES;
				CLANG_WARN_INT_CONVERSION = YES;
				CLANG_WARN_OBJC_ROOT_CLASS = YES_ERROR;
				CLANG_WARN_SUSPICIOUS_MOVE = YES;
				CLANG_WARN_UNREACHABLE_CODE = YES;
				CLANG_WARN__DUPLICATE_METHOD_MATCH = YES;
				"CODE_SIGN_IDENTITY[sdk=iphoneos*]" = "iPhone Developer";
				COPY_PHASE_STRIP = NO;
				DEBUG_INFORMATION_FORMAT = "dwarf-with-dsym";
				ENABLE_NS_ASSERTIONS = NO;
				ENABLE_STRICT_OBJC_MSGSEND = YES;
				GCC_C_LANGUAGE_STANDARD = gnu99;
				GCC_NO_COMMON_BLOCKS = YES;
				GCC_WARN_64_TO_32_BIT_CONVERSION = YES;
				GCC_WARN_ABOUT_RETURN_TYPE = YES_ERROR;
				GCC_WARN_UNDECLARED_SELECTOR = YES;
				GCC_WARN_UNINITIALIZED_AUTOS = YES_AGGRESSIVE;
				GCC_WARN_UNUSED_FUNCTION = YES;
				GCC_WARN_UNUSED_VARIABLE = YES;
				IPHONEOS_DEPLOYMENT_TARGET = 10.2;
				MTL_ENABLE_DEBUG_INFO = NO;
				SDKROOT = iphoneos;
				SWIFT_OPTIMIZATION_LEVEL = "-Owholemodule";
				TARGETED_DEVICE_FAMILY = "1,2";
				VALIDATE_PRODUCT = YES;
			};
			name = Release;
		};
		63F046BD1E933E2900D15199 /* Debug */ = {
			isa = XCBuildConfiguration;
			buildSettings = {
				ASSETCATALOG_COMPILER_APPICON_NAME = AppIcon;
				INFOPLIST_FILE = ChoiceExchange/Info.plist;
				LD_RUNPATH_SEARCH_PATHS = "$(inherited) @executable_path/Frameworks";
				PRODUCT_BUNDLE_IDENTIFIER = com.alexedgar.ChoiceExchange;
				PRODUCT_NAME = "$(TARGET_NAME)";
				SWIFT_VERSION = 3.0;
			};
			name = Debug;
		};
		63F046BE1E933E2900D15199 /* Release */ = {
			isa = XCBuildConfiguration;
			buildSettings = {
				ASSETCATALOG_COMPILER_APPICON_NAME = AppIcon;
				INFOPLIST_FILE = ChoiceExchange/Info.plist;
				LD_RUNPATH_SEARCH_PATHS = "$(inherited) @executable_path/Frameworks";
				PRODUCT_BUNDLE_IDENTIFIER = com.alexedgar.ChoiceExchange;
				PRODUCT_NAME = "$(TARGET_NAME)";
				SWIFT_VERSION = 3.0;
			};
			name = Release;
		};
/* End XCBuildConfiguration section */

/* Begin XCConfigurationList section */
		63F046A51E933E2900D15199 /* Build configuration list for PBXProject "ChoiceExchange" */ = {
			isa = XCConfigurationList;
			buildConfigurations = (
				63F046BA1E933E2900D15199 /* Debug */,
				63F046BB1E933E2900D15199 /* Release */,
			);
			defaultConfigurationIsVisible = 0;
			defaultConfigurationName = Release;
		};
		63F046BC1E933E2900D15199 /* Build configuration list for PBXNativeTarget "ChoiceExchange" */ = {
			isa = XCConfigurationList;
			buildConfigurations = (
				63F046BD1E933E2900D15199 /* Debug */,
				63F046BE1E933E2900D15199 /* Release */,
			);
			defaultConfigurationIsVisible = 0;
			defaultConfigurationName = Release;
		};
/* End XCConfigurationList section */
	};
	rootObject = 63F046A21E933E2900D15199 /* Project object */;
}
